// !$*UTF8*$!
{
	archiveVersion = 1;
	classes = {
	};
	objectVersion = 50;
	objects = {

/* Begin PBXBuildFile section */
		F52DB1362657FC9F009813AB /* User.swift in Sources */ = {isa = PBXBuildFile; fileRef = F52DB1352657FC9F009813AB /* User.swift */; };
		F52DB13A2657FF54009813AB /* Hike.swift in Sources */ = {isa = PBXBuildFile; fileRef = F52DB1392657FF54009813AB /* Hike.swift */; };
		F52DB13E26580238009813AB /* Comment.swift in Sources */ = {isa = PBXBuildFile; fileRef = F52DB13D26580238009813AB /* Comment.swift */; };
		F5313876265B7DBE00E47ED9 /* HikeTableViewCell.swift in Sources */ = {isa = PBXBuildFile; fileRef = F5313874265B7DBE00E47ED9 /* HikeTableViewCell.swift */; };
		F5313877265B7DBE00E47ED9 /* HikeTableViewCell.xib in Resources */ = {isa = PBXBuildFile; fileRef = F5313875265B7DBE00E47ED9 /* HikeTableViewCell.xib */; };
		F590186F26513AFC007BCC31 /* AppDelegate.swift in Sources */ = {isa = PBXBuildFile; fileRef = F590186E26513AFC007BCC31 /* AppDelegate.swift */; };
		F590187126513AFC007BCC31 /* SceneDelegate.swift in Sources */ = {isa = PBXBuildFile; fileRef = F590187026513AFC007BCC31 /* SceneDelegate.swift */; };
		F590187326513AFC007BCC31 /* SignInVC.swift in Sources */ = {isa = PBXBuildFile; fileRef = F590187226513AFC007BCC31 /* SignInVC.swift */; };
		F590187626513AFC007BCC31 /* Main.storyboard in Resources */ = {isa = PBXBuildFile; fileRef = F590187426513AFC007BCC31 /* Main.storyboard */; };
		F590187826513AFE007BCC31 /* Assets.xcassets in Resources */ = {isa = PBXBuildFile; fileRef = F590187726513AFE007BCC31 /* Assets.xcassets */; };
		F590187B26513AFE007BCC31 /* LaunchScreen.storyboard in Resources */ = {isa = PBXBuildFile; fileRef = F590187926513AFE007BCC31 /* LaunchScreen.storyboard */; };
/* End PBXBuildFile section */

/* Begin PBXFileReference section */
		F52DB1352657FC9F009813AB /* User.swift */ = {isa = PBXFileReference; lastKnownFileType = sourcecode.swift; path = User.swift; sourceTree = "<group>"; };
		F52DB1392657FF54009813AB /* Hike.swift */ = {isa = PBXFileReference; lastKnownFileType = sourcecode.swift; path = Hike.swift; sourceTree = "<group>"; };
		F52DB13D26580238009813AB /* Comment.swift */ = {isa = PBXFileReference; lastKnownFileType = sourcecode.swift; path = Comment.swift; sourceTree = "<group>"; };
		F5313874265B7DBE00E47ED9 /* HikeTableViewCell.swift */ = {isa = PBXFileReference; lastKnownFileType = sourcecode.swift; path = HikeTableViewCell.swift; sourceTree = "<group>"; };
		F5313875265B7DBE00E47ED9 /* HikeTableViewCell.xib */ = {isa = PBXFileReference; lastKnownFileType = file.xib; path = HikeTableViewCell.xib; sourceTree = "<group>"; };
		F590186B26513AFC007BCC31 /* ArshavnerApp.app */ = {isa = PBXFileReference; explicitFileType = wrapper.application; includeInIndex = 0; path = ArshavnerApp.app; sourceTree = BUILT_PRODUCTS_DIR; };
		F590186E26513AFC007BCC31 /* AppDelegate.swift */ = {isa = PBXFileReference; lastKnownFileType = sourcecode.swift; path = AppDelegate.swift; sourceTree = "<group>"; };
		F590187026513AFC007BCC31 /* SceneDelegate.swift */ = {isa = PBXFileReference; lastKnownFileType = sourcecode.swift; path = SceneDelegate.swift; sourceTree = "<group>"; };
		F590187226513AFC007BCC31 /* SignInVC.swift */ = {isa = PBXFileReference; lastKnownFileType = sourcecode.swift; path = SignInVC.swift; sourceTree = "<group>"; };
		F590187526513AFC007BCC31 /* Base */ = {isa = PBXFileReference; lastKnownFileType = file.storyboard; name = Base; path = Base.lproj/Main.storyboard; sourceTree = "<group>"; };
		F590187726513AFE007BCC31 /* Assets.xcassets */ = {isa = PBXFileReference; lastKnownFileType = folder.assetcatalog; path = Assets.xcassets; sourceTree = "<group>"; };
		F590187A26513AFE007BCC31 /* Base */ = {isa = PBXFileReference; lastKnownFileType = file.storyboard; name = Base; path = Base.lproj/LaunchScreen.storyboard; sourceTree = "<group>"; };
		F590187C26513AFE007BCC31 /* Info.plist */ = {isa = PBXFileReference; lastKnownFileType = text.plist.xml; path = Info.plist; sourceTree = "<group>"; };
/* End PBXFileReference section */

/* Begin PBXFrameworksBuildPhase section */
		F590186826513AFC007BCC31 /* Frameworks */ = {
			isa = PBXFrameworksBuildPhase;
			buildActionMask = 2147483647;
			files = (
			);
			runOnlyForDeploymentPostprocessing = 0;
		};
/* End PBXFrameworksBuildPhase section */

/* Begin PBXGroup section */
		3A209197265C06B500176AEC /* Controller */ = {
			isa = PBXGroup;
			children = (
				F590187226513AFC007BCC31 /* SignInVC.swift */,
			);
			path = Controller;
			sourceTree = "<group>";
		};
		F52DB1382657FF13009813AB /* Model */ = {
			isa = PBXGroup;
			children = (
				F52DB1352657FC9F009813AB /* User.swift */,
				F52DB1392657FF54009813AB /* Hike.swift */,
				F52DB13D26580238009813AB /* Comment.swift */,
			);
			path = Model;
			sourceTree = "<group>";
		};
		F5313879265B7DD000E47ED9 /* HikeCell */ = {
			isa = PBXGroup;
			children = (
				F5313874265B7DBE00E47ED9 /* HikeTableViewCell.swift */,
				F5313875265B7DBE00E47ED9 /* HikeTableViewCell.xib */,
			);
			path = HikeCell;
			sourceTree = "<group>";
		};
		F590186226513AFC007BCC31 = {
			isa = PBXGroup;
			children = (
				F590186D26513AFC007BCC31 /* ArshavnerApp */,
				F590186C26513AFC007BCC31 /* Products */,
			);
			sourceTree = "<group>";
		};
		F590186C26513AFC007BCC31 /* Products */ = {
			isa = PBXGroup;
			children = (
				F590186B26513AFC007BCC31 /* ArshavnerApp.app */,
			);
			name = Products;
			sourceTree = "<group>";
		};
		F590186D26513AFC007BCC31 /* ArshavnerApp */ = {
			isa = PBXGroup;
			children = (
				F5313879265B7DD000E47ED9 /* HikeCell */,
				F52DB1382657FF13009813AB /* Model */,
				3A209197265C06B500176AEC /* Controller */,
				F590186E26513AFC007BCC31 /* AppDelegate.swift */,
				F590187026513AFC007BCC31 /* SceneDelegate.swift */,
				F590187426513AFC007BCC31 /* Main.storyboard */,
				F590187726513AFE007BCC31 /* Assets.xcassets */,
				F590187926513AFE007BCC31 /* LaunchScreen.storyboard */,
				F590187C26513AFE007BCC31 /* Info.plist */,
			);
			path = ArshavnerApp;
			sourceTree = "<group>";
		};
/* End PBXGroup section */

/* Begin PBXNativeTarget section */
		F590186A26513AFC007BCC31 /* ArshavnerApp */ = {
			isa = PBXNativeTarget;
			buildConfigurationList = F590187F26513AFE007BCC31 /* Build configuration list for PBXNativeTarget "ArshavnerApp" */;
			buildPhases = (
				F590186726513AFC007BCC31 /* Sources */,
				F590186826513AFC007BCC31 /* Frameworks */,
				F590186926513AFC007BCC31 /* Resources */,
			);
			buildRules = (
			);
			dependencies = (
			);
			name = ArshavnerApp;
			productName = ArshavnerApp;
			productReference = F590186B26513AFC007BCC31 /* ArshavnerApp.app */;
			productType = "com.apple.product-type.application";
		};
/* End PBXNativeTarget section */

/* Begin PBXProject section */
		F590186326513AFC007BCC31 /* Project object */ = {
			isa = PBXProject;
			attributes = {
				LastSwiftUpdateCheck = 1240;
				LastUpgradeCheck = 1240;
				TargetAttributes = {
					F590186A26513AFC007BCC31 = {
						CreatedOnToolsVersion = 12.4;
					};
				};
			};
			buildConfigurationList = F590186626513AFC007BCC31 /* Build configuration list for PBXProject "ArshavnerApp" */;
			compatibilityVersion = "Xcode 9.3";
			developmentRegion = en;
			hasScannedForEncodings = 0;
			knownRegions = (
				en,
				Base,
			);
			mainGroup = F590186226513AFC007BCC31;
			productRefGroup = F590186C26513AFC007BCC31 /* Products */;
			projectDirPath = "";
			projectRoot = "";
			targets = (
				F590186A26513AFC007BCC31 /* ArshavnerApp */,
			);
		};
/* End PBXProject section */

/* Begin PBXResourcesBuildPhase section */
		F590186926513AFC007BCC31 /* Resources */ = {
			isa = PBXResourcesBuildPhase;
			buildActionMask = 2147483647;
			files = (
				F590187B26513AFE007BCC31 /* LaunchScreen.storyboard in Resources */,
				F590187826513AFE007BCC31 /* Assets.xcassets in Resources */,
				F5313877265B7DBE00E47ED9 /* HikeTableViewCell.xib in Resources */,
				F590187626513AFC007BCC31 /* Main.storyboard in Resources */,
			);
			runOnlyForDeploymentPostprocessing = 0;
		};
/* End PBXResourcesBuildPhase section */

/* Begin PBXSourcesBuildPhase section */
		F590186726513AFC007BCC31 /* Sources */ = {
			isa = PBXSourcesBuildPhase;
			buildActionMask = 2147483647;
			files = (
				F52DB13A2657FF54009813AB /* Hike.swift in Sources */,
				F52DB13E26580238009813AB /* Comment.swift in Sources */,
				F5313876265B7DBE00E47ED9 /* HikeTableViewCell.swift in Sources */,
				F52DB1362657FC9F009813AB /* User.swift in Sources */,
				F590187326513AFC007BCC31 /* SignInVC.swift in Sources */,
				F590186F26513AFC007BCC31 /* AppDelegate.swift in Sources */,
				F590187126513AFC007BCC31 /* SceneDelegate.swift in Sources */,
			);
			runOnlyForDeploymentPostprocessing = 0;
		};
/* End PBXSourcesBuildPhase section */

/* Begin PBXVariantGroup section */
		F590187426513AFC007BCC31 /* Main.storyboard */ = {
			isa = PBXVariantGroup;
			children = (
				F590187526513AFC007BCC31 /* Base */,
			);
			name = Main.storyboard;
			sourceTree = "<group>";
		};
		F590187926513AFE007BCC31 /* LaunchScreen.storyboard */ = {
			isa = PBXVariantGroup;
			children = (
				F590187A26513AFE007BCC31 /* Base */,
			);
			name = LaunchScreen.storyboard;
			sourceTree = "<group>";
		};
/* End PBXVariantGroup section */

/* Begin XCBuildConfiguration section */
		F590187D26513AFE007BCC31 /* Debug */ = {
			isa = XCBuildConfiguration;
			buildSettings = {
				ALWAYS_SEARCH_USER_PATHS = NO;
				CLANG_ANALYZER_NONNULL = YES;
				CLANG_ANALYZER_NUMBER_OBJECT_CONVERSION = YES_AGGRESSIVE;
				CLANG_CXX_LANGUAGE_STANDARD = "gnu++14";
				CLANG_CXX_LIBRARY = "libc++";
				CLANG_ENABLE_MODULES = YES;
				CLANG_ENABLE_OBJC_ARC = YES;
				CLANG_ENABLE_OBJC_WEAK = YES;
				CLANG_WARN_BLOCK_CAPTURE_AUTORELEASING = YES;
				CLANG_WARN_BOOL_CONVERSION = YES;
				CLANG_WARN_COMMA = YES;
				CLANG_WARN_CONSTANT_CONVERSION = YES;
				CLANG_WARN_DEPRECATED_OBJC_IMPLEMENTATIONS = YES;
				CLANG_WARN_DIRECT_OBJC_ISA_USAGE = YES_ERROR;
				CLANG_WARN_DOCUMENTATION_COMMENTS = YES;
				CLANG_WARN_EMPTY_BODY = YES;
				CLANG_WARN_ENUM_CONVERSION = YES;
				CLANG_WARN_INFINITE_RECURSION = YES;
				CLANG_WARN_INT_CONVERSION = YES;
				CLANG_WARN_NON_LITERAL_NULL_CONVERSION = YES;
				CLANG_WARN_OBJC_IMPLICIT_RETAIN_SELF = YES;
				CLANG_WARN_OBJC_LITERAL_CONVERSION = YES;
				CLANG_WARN_OBJC_ROOT_CLASS = YES_ERROR;
				CLANG_WARN_QUOTED_INCLUDE_IN_FRAMEWORK_HEADER = YES;
				CLANG_WARN_RANGE_LOOP_ANALYSIS = YES;
				CLANG_WARN_STRICT_PROTOTYPES = YES;
				CLANG_WARN_SUSPICIOUS_MOVE = YES;
				CLANG_WARN_UNGUARDED_AVAILABILITY = YES_AGGRESSIVE;
				CLANG_WARN_UNREACHABLE_CODE = YES;
				CLANG_WARN__DUPLICATE_METHOD_MATCH = YES;
				COPY_PHASE_STRIP = NO;
				DEBUG_INFORMATION_FORMAT = dwarf;
				ENABLE_STRICT_OBJC_MSGSEND = YES;
				ENABLE_TESTABILITY = YES;
				GCC_C_LANGUAGE_STANDARD = gnu11;
				GCC_DYNAMIC_NO_PIC = NO;
				GCC_NO_COMMON_BLOCKS = YES;
				GCC_OPTIMIZATION_LEVEL = 0;
				GCC_PREPROCESSOR_DEFINITIONS = (
					"DEBUG=1",
					"$(inherited)",
				);
				GCC_WARN_64_TO_32_BIT_CONVERSION = YES;
				GCC_WARN_ABOUT_RETURN_TYPE = YES_ERROR;
				GCC_WARN_UNDECLARED_SELECTOR = YES;
				GCC_WARN_UNINITIALIZED_AUTOS = YES_AGGRESSIVE;
				GCC_WARN_UNUSED_FUNCTION = YES;
				GCC_WARN_UNUSED_VARIABLE = YES;
				IPHONEOS_DEPLOYMENT_TARGET = 14.4;
				MTL_ENABLE_DEBUG_INFO = INCLUDE_SOURCE;
				MTL_FAST_MATH = YES;
				ONLY_ACTIVE_ARCH = YES;
				SDKROOT = iphoneos;
				SWIFT_ACTIVE_COMPILATION_CONDITIONS = DEBUG;
				SWIFT_OPTIMIZATION_LEVEL = "-Onone";
			};
			name = Debug;
		};
		F590187E26513AFE007BCC31 /* Release */ = {
			isa = XCBuildConfiguration;
			buildSettings = {
				ALWAYS_SEARCH_USER_PATHS = NO;
				CLANG_ANALYZER_NONNULL = YES;
				CLANG_ANALYZER_NUMBER_OBJECT_CONVERSION = YES_AGGRESSIVE;
				CLANG_CXX_LANGUAGE_STANDARD = "gnu++14";
				CLANG_CXX_LIBRARY = "libc++";
				CLANG_ENABLE_MODULES = YES;
				CLANG_ENABLE_OBJC_ARC = YES;
				CLANG_ENABLE_OBJC_WEAK = YES;
				CLANG_WARN_BLOCK_CAPTURE_AUTORELEASING = YES;
				CLANG_WARN_BOOL_CONVERSION = YES;
				CLANG_WARN_COMMA = YES;
				CLANG_WARN_CONSTANT_CONVERSION = YES;
				CLANG_WARN_DEPRECATED_OBJC_IMPLEMENTATIONS = YES;
				CLANG_WARN_DIRECT_OBJC_ISA_USAGE = YES_ERROR;
				CLANG_WARN_DOCUMENTATION_COMMENTS = YES;
				CLANG_WARN_EMPTY_BODY = YES;
				CLANG_WARN_ENUM_CONVERSION = YES;
				CLANG_WARN_INFINITE_RECURSION = YES;
				CLANG_WARN_INT_CONVERSION = YES;
				CLANG_WARN_NON_LITERAL_NULL_CONVERSION = YES;
				CLANG_WARN_OBJC_IMPLICIT_RETAIN_SELF = YES;
				CLANG_WARN_OBJC_LITERAL_CONVERSION = YES;
				CLANG_WARN_OBJC_ROOT_CLASS = YES_ERROR;
				CLANG_WARN_QUOTED_INCLUDE_IN_FRAMEWORK_HEADER = YES;
				CLANG_WARN_RANGE_LOOP_ANALYSIS = YES;
				CLANG_WARN_STRICT_PROTOTYPES = YES;
				CLANG_WARN_SUSPICIOUS_MOVE = YES;
				CLANG_WARN_UNGUARDED_AVAILABILITY = YES_AGGRESSIVE;
				CLANG_WARN_UNREACHABLE_CODE = YES;
				CLANG_WARN__DUPLICATE_METHOD_MATCH = YES;
				COPY_PHASE_STRIP = NO;
				DEBUG_INFORMATION_FORMAT = "dwarf-with-dsym";
				ENABLE_NS_ASSERTIONS = NO;
				ENABLE_STRICT_OBJC_MSGSEND = YES;
				GCC_C_LANGUAGE_STANDARD = gnu11;
				GCC_NO_COMMON_BLOCKS = YES;
				GCC_WARN_64_TO_32_BIT_CONVERSION = YES;
				GCC_WARN_ABOUT_RETURN_TYPE = YES_ERROR;
				GCC_WARN_UNDECLARED_SELECTOR = YES;
				GCC_WARN_UNINITIALIZED_AUTOS = YES_AGGRESSIVE;
				GCC_WARN_UNUSED_FUNCTION = YES;
				GCC_WARN_UNUSED_VARIABLE = YES;
				IPHONEOS_DEPLOYMENT_TARGET = 14.4;
				MTL_ENABLE_DEBUG_INFO = NO;
				MTL_FAST_MATH = YES;
				SDKROOT = iphoneos;
				SWIFT_COMPILATION_MODE = wholemodule;
				SWIFT_OPTIMIZATION_LEVEL = "-O";
				VALIDATE_PRODUCT = YES;
			};
			name = Release;
		};
		F590188026513AFE007BCC31 /* Debug */ = {
			isa = XCBuildConfiguration;
			buildSettings = {
				ASSETCATALOG_COMPILER_APPICON_NAME = AppIcon;
				ASSETCATALOG_COMPILER_GLOBAL_ACCENT_COLOR_NAME = AccentColor;
				CODE_SIGN_STYLE = Automatic;
				INFOPLIST_FILE = ArshavnerApp/Info.plist;
				LD_RUNPATH_SEARCH_PATHS = (
					"$(inherited)",
					"@executable_path/Frameworks",
				);
				PRODUCT_BUNDLE_IDENTIFIER = SoseYeritsyan.ArshavnerApp;
				PRODUCT_NAME = "$(TARGET_NAME)";
				SWIFT_VERSION = 5.0;
				TARGETED_DEVICE_FAMILY = "1,2";
			};
			name = Debug;
		};
		F590188126513AFE007BCC31 /* Release */ = {
			isa = XCBuildConfiguration;
			buildSettings = {
				ASSETCATALOG_COMPILER_APPICON_NAME = AppIcon;
				ASSETCATALOG_COMPILER_GLOBAL_ACCENT_COLOR_NAME = AccentColor;
				CODE_SIGN_STYLE = Automatic;
				INFOPLIST_FILE = ArshavnerApp/Info.plist;
				LD_RUNPATH_SEARCH_PATHS = (
					"$(inherited)",
					"@executable_path/Frameworks",
				);
				PRODUCT_BUNDLE_IDENTIFIER = SoseYeritsyan.ArshavnerApp;
				PRODUCT_NAME = "$(TARGET_NAME)";
				SWIFT_VERSION = 5.0;
				TARGETED_DEVICE_FAMILY = "1,2";
			};
			name = Release;
		};
/* End XCBuildConfiguration section */

/* Begin XCConfigurationList section */
		F590186626513AFC007BCC31 /* Build configuration list for PBXProject "ArshavnerApp" */ = {
			isa = XCConfigurationList;
			buildConfigurations = (
				F590187D26513AFE007BCC31 /* Debug */,
				F590187E26513AFE007BCC31 /* Release */,
			);
			defaultConfigurationIsVisible = 0;
			defaultConfigurationName = Release;
		};
		F590187F26513AFE007BCC31 /* Build configuration list for PBXNativeTarget "ArshavnerApp" */ = {
			isa = XCConfigurationList;
			buildConfigurations = (
				F590188026513AFE007BCC31 /* Debug */,
				F590188126513AFE007BCC31 /* Release */,
			);
			defaultConfigurationIsVisible = 0;
			defaultConfigurationName = Release;
		};
/* End XCConfigurationList section */
	};
	rootObject = F590186326513AFC007BCC31 /* Project object */;
}
